PODS:
  - RxSwift (6.6.0)
  - SwiftyJSON (5.0.1)

DEPENDENCIES:
  - RxSwift
  - SwiftyJSON

SPEC REPOS:
  trunk:
    - RxSwift
    - SwiftyJSON

SPEC CHECKSUMS:
  RxSwift: a4b44f7d24599f674deebd1818eab82e58410632
  SwiftyJSON: 2f33a42c6fbc52764d96f13368585094bfd8aa5e

PODFILE CHECKSUM: 01cc87c528b8921c646bc4703c25fe0514f42363

COCOAPODS: 1.12.0
